{
    "_meta": {
        "hash": {
            "sha256": "010bc27c26958e132fcf66816ae3b56344fdff7196234cf45e2484d78b04d102"
        },
        "pipfile-spec": 6,
        "requires": {
            "python_version": "3.14"
        },
        "sources": [
            {
                "name": "pip_conf_index_global",
                "url": "https://pypi.org/simple",
                "verify_ssl": true
            }
        ]
    },
    "default": {
        "antlr4-python3-runtime": {
            "hashes": [
                "sha256:909b647e1d2fc2b70180ac586df3933e38919c85f98ccc656a96cd3f25ef3916",
                "sha256:fe3835eb8d33daece0e799090eda89719dbccee7aa39ef94eed3818cafa5a7e8"
            ],
            "index": "pip_conf_index_global",
            "version": "==4.13.2"
        }
    },
    "develop": {}
}
