{
    "_meta": {
        "hash": {
            "sha256": "d8492fce1d40a49be0ccdb3d042db2f369e552ffb65194d6e4dceef6f952a1c9"
        },
        "pipfile-spec": 6,
        "requires": {
            "python_version": "3.14"
        },
        "sources": [
            {
                "name": "pip_conf_index_global",
                "url": "https://us-python.pkg.dev/artifact-foundry-prod/ah-3p-staging-python/simple/",
                "verify_ssl": true
            },
            {
                "name": "pypi",
                "url": "https://pypi.org/simple",
                "verify_ssl": true
            }
        ]
    },
    "default": {
        "antlr4-python3-runtime": {
            "hashes": [
                "sha256:909b647e1d2fc2b70180ac586df3933e38919c85f98ccc656a96cd3f25ef3916",
                "sha256:fe3835eb8d33daece0e799090eda89719dbccee7aa39ef94eed3818cafa5a7e8"
            ],
            "index": "pypi",
            "version": "==4.13.2"
        }
    },
    "develop": {}
}
